
Microsoft Visual Studio Solution File, Format Version 12.00
# Visual Studio Version 16
VisualStudioVersion = 16.0.30804.86
MinimumVisualStudioVersion = 10.0.40219.1
Project("{FAE04EC0-301F-11D3-BF4B-00C04F79EFBC}") = "Home_work_Loops_3-4", "Home_work_Loops_3-4\Home_work_Loops_3-4.csproj", "{026CBFB7-6319-4A57-AC15-84FBB5E3A204}"
EndProject
Global
	GlobalSection(SolutionConfigurationPlatforms) = preSolution
		Debug|Any CPU = Debug|Any CPU
		Release|Any CPU = Release|Any CPU
	EndGlobalSection
	GlobalSection(ProjectConfigurationPlatforms) = postSolution
		{026CBFB7-6319-4A57-AC15-84FBB5E3A204}.Debug|Any CPU.ActiveCfg = Debug|Any CPU
		{026CBFB7-6319-4A57-AC15-84FBB5E3A204}.Debug|Any CPU.Build.0 = Debug|Any CPU
		{026CBFB7-6319-4A57-AC15-84FBB5E3A204}.Release|Any CPU.ActiveCfg = Release|Any CPU
		{026CBFB7-6319-4A57-AC15-84FBB5E3A204}.Release|Any CPU.Build.0 = Release|Any CPU
	EndGlobalSection
	GlobalSection(SolutionProperties) = preSolution
		HideSolutionNode = FALSE
	EndGlobalSection
	GlobalSection(ExtensibilityGlobals) = postSolution
		SolutionGuid = {9CBDA90B-0F0B-4D74-98F1-0DC869CA873F}
	EndGlobalSection
EndGlobal
